
Microsoft Visual Studio Solution File, Format Version 12.00
# Visual Studio Version 16
VisualStudioVersion = 16.0.29102.190
MinimumVisualStudioVersion = 10.0.40219.1
Project("{FAE04EC0-301F-11D3-BF4B-00C04F79EFBC}") = "NamedPipeWrapper", "NamedPipeWrapper\NamedPipeWrapper.csproj", "{73152691-3CDE-46DF-8D04-7117747DFFE7}"
EndProject
Project("{FAE04EC0-301F-11D3-BF4B-00C04F79EFBC}") = "UnitTests", "UnitTests\UnitTests.csproj", "{5E77C76A-E765-445A-96E5-681CB5B9A68B}"
EndProject
Project("{FAE04EC0-301F-11D3-BF4B-00C04F79EFBC}") = "ConsoleBlockingCollection", "ConsoleBlockingCollection\ConsoleBlockingCollection.csproj", "{03F2F2A9-6358-4B00-8230-72EA2677B09D}"
EndProject
Project("{FAE04EC0-301F-11D3-BF4B-00C04F79EFBC}") = "ConsoleMemoryMappedFile", "ConsoleMemoryMappedFile\ConsoleMemoryMappedFile.csproj", "{CD839ED3-FE96-49E2-9598-6DEE38D5FCDB}"
EndProject
Project("{FAE04EC0-301F-11D3-BF4B-00C04F79EFBC}") = "CommonModel", "CommonModel\CommonModel.csproj", "{62AA86E8-15F1-4B1D-991E-03103F192527}"
EndProject
Project("{FAE04EC0-301F-11D3-BF4B-00C04F79EFBC}") = "ConsoleAppClient", "ConsoleAppClient\ConsoleAppClient.csproj", "{B19069CF-13FC-4797-A72D-F16F7E9ECD74}"
EndProject
Project("{FAE04EC0-301F-11D3-BF4B-00C04F79EFBC}") = "ConsoleAppServer", "ConsoleAppServer\ConsoleAppServer.csproj", "{4975F2F5-2FF0-4860-AA6A-72F12599F07F}"
EndProject
Project("{FAE04EC0-301F-11D3-BF4B-00C04F79EFBC}") = "PipTransferBufferTest", "PipTransferBufferTest\PipTransferBufferTest.csproj", "{DA550C18-7B30-4734-A401-23BFA906F744}"
EndProject
Project("{FAE04EC0-301F-11D3-BF4B-00C04F79EFBC}") = "UnitTestsServer", "UnitTestsServer\UnitTestsServer.csproj", "{2AC1C912-D253-4A68-A116-AA40338B4100}"
EndProject
Global
	GlobalSection(SolutionConfigurationPlatforms) = preSolution
		Debug|Any CPU = Debug|Any CPU
		Debug|Mixed Platforms = Debug|Mixed Platforms
		Debug|x86 = Debug|x86
		Release|Any CPU = Release|Any CPU
		Release|Mixed Platforms = Release|Mixed Platforms
		Release|x86 = Release|x86
	EndGlobalSection
	GlobalSection(ProjectConfigurationPlatforms) = postSolution
		{73152691-3CDE-46DF-8D04-7117747DFFE7}.Debug|Any CPU.ActiveCfg = Debug|Any CPU
		{73152691-3CDE-46DF-8D04-7117747DFFE7}.Debug|Any CPU.Build.0 = Debug|Any CPU
		{73152691-3CDE-46DF-8D04-7117747DFFE7}.Debug|Mixed Platforms.ActiveCfg = Debug|Any CPU
		{73152691-3CDE-46DF-8D04-7117747DFFE7}.Debug|Mixed Platforms.Build.0 = Debug|Any CPU
		{73152691-3CDE-46DF-8D04-7117747DFFE7}.Debug|x86.ActiveCfg = Debug|Any CPU
		{73152691-3CDE-46DF-8D04-7117747DFFE7}.Release|Any CPU.ActiveCfg = Release|Any CPU
		{73152691-3CDE-46DF-8D04-7117747DFFE7}.Release|Any CPU.Build.0 = Release|Any CPU
		{73152691-3CDE-46DF-8D04-7117747DFFE7}.Release|Mixed Platforms.ActiveCfg = Release|Any CPU
		{73152691-3CDE-46DF-8D04-7117747DFFE7}.Release|Mixed Platforms.Build.0 = Release|Any CPU
		{73152691-3CDE-46DF-8D04-7117747DFFE7}.Release|x86.ActiveCfg = Release|Any CPU
		{5E77C76A-E765-445A-96E5-681CB5B9A68B}.Debug|Any CPU.ActiveCfg = Debug|Any CPU
		{5E77C76A-E765-445A-96E5-681CB5B9A68B}.Debug|Any CPU.Build.0 = Debug|Any CPU
		{5E77C76A-E765-445A-96E5-681CB5B9A68B}.Debug|Mixed Platforms.ActiveCfg = Debug|x86
		{5E77C76A-E765-445A-96E5-681CB5B9A68B}.Debug|Mixed Platforms.Build.0 = Debug|x86
		{5E77C76A-E765-445A-96E5-681CB5B9A68B}.Debug|x86.ActiveCfg = Debug|x86
		{5E77C76A-E765-445A-96E5-681CB5B9A68B}.Debug|x86.Build.0 = Debug|x86
		{5E77C76A-E765-445A-96E5-681CB5B9A68B}.Release|Any CPU.ActiveCfg = Release|x86
		{5E77C76A-E765-445A-96E5-681CB5B9A68B}.Release|Mixed Platforms.ActiveCfg = Release|x86
		{5E77C76A-E765-445A-96E5-681CB5B9A68B}.Release|Mixed Platforms.Build.0 = Release|x86
		{5E77C76A-E765-445A-96E5-681CB5B9A68B}.Release|x86.ActiveCfg = Release|x86
		{5E77C76A-E765-445A-96E5-681CB5B9A68B}.Release|x86.Build.0 = Release|x86
		{03F2F2A9-6358-4B00-8230-72EA2677B09D}.Debug|Any CPU.ActiveCfg = Debug|Any CPU
		{03F2F2A9-6358-4B00-8230-72EA2677B09D}.Debug|Any CPU.Build.0 = Debug|Any CPU
		{03F2F2A9-6358-4B00-8230-72EA2677B09D}.Debug|Mixed Platforms.ActiveCfg = Debug|Any CPU
		{03F2F2A9-6358-4B00-8230-72EA2677B09D}.Debug|Mixed Platforms.Build.0 = Debug|Any CPU
		{03F2F2A9-6358-4B00-8230-72EA2677B09D}.Debug|x86.ActiveCfg = Debug|Any CPU
		{03F2F2A9-6358-4B00-8230-72EA2677B09D}.Debug|x86.Build.0 = Debug|Any CPU
		{03F2F2A9-6358-4B00-8230-72EA2677B09D}.Release|Any CPU.ActiveCfg = Release|Any CPU
		{03F2F2A9-6358-4B00-8230-72EA2677B09D}.Release|Any CPU.Build.0 = Release|Any CPU
		{03F2F2A9-6358-4B00-8230-72EA2677B09D}.Release|Mixed Platforms.ActiveCfg = Release|Any CPU
		{03F2F2A9-6358-4B00-8230-72EA2677B09D}.Release|Mixed Platforms.Build.0 = Release|Any CPU
		{03F2F2A9-6358-4B00-8230-72EA2677B09D}.Release|x86.ActiveCfg = Release|Any CPU
		{03F2F2A9-6358-4B00-8230-72EA2677B09D}.Release|x86.Build.0 = Release|Any CPU
		{CD839ED3-FE96-49E2-9598-6DEE38D5FCDB}.Debug|Any CPU.ActiveCfg = Debug|Any CPU
		{CD839ED3-FE96-49E2-9598-6DEE38D5FCDB}.Debug|Any CPU.Build.0 = Debug|Any CPU
		{CD839ED3-FE96-49E2-9598-6DEE38D5FCDB}.Debug|Mixed Platforms.ActiveCfg = Debug|Any CPU
		{CD839ED3-FE96-49E2-9598-6DEE38D5FCDB}.Debug|Mixed Platforms.Build.0 = Debug|Any CPU
		{CD839ED3-FE96-49E2-9598-6DEE38D5FCDB}.Debug|x86.ActiveCfg = Debug|Any CPU
		{CD839ED3-FE96-49E2-9598-6DEE38D5FCDB}.Debug|x86.Build.0 = Debug|Any CPU
		{CD839ED3-FE96-49E2-9598-6DEE38D5FCDB}.Release|Any CPU.ActiveCfg = Release|Any CPU
		{CD839ED3-FE96-49E2-9598-6DEE38D5FCDB}.Release|Any CPU.Build.0 = Release|Any CPU
		{CD839ED3-FE96-49E2-9598-6DEE38D5FCDB}.Release|Mixed Platforms.ActiveCfg = Release|Any CPU
		{CD839ED3-FE96-49E2-9598-6DEE38D5FCDB}.Release|Mixed Platforms.Build.0 = Release|Any CPU
		{CD839ED3-FE96-49E2-9598-6DEE38D5FCDB}.Release|x86.ActiveCfg = Release|Any CPU
		{CD839ED3-FE96-49E2-9598-6DEE38D5FCDB}.Release|x86.Build.0 = Release|Any CPU
		{62AA86E8-15F1-4B1D-991E-03103F192527}.Debug|Any CPU.ActiveCfg = Debug|Any CPU
		{62AA86E8-15F1-4B1D-991E-03103F192527}.Debug|Any CPU.Build.0 = Debug|Any CPU
		{62AA86E8-15F1-4B1D-991E-03103F192527}.Debug|Mixed Platforms.ActiveCfg = Debug|Any CPU
		{62AA86E8-15F1-4B1D-991E-03103F192527}.Debug|Mixed Platforms.Build.0 = Debug|Any CPU
		{62AA86E8-15F1-4B1D-991E-03103F192527}.Debug|x86.ActiveCfg = Debug|Any CPU
		{62AA86E8-15F1-4B1D-991E-03103F192527}.Debug|x86.Build.0 = Debug|Any CPU
		{62AA86E8-15F1-4B1D-991E-03103F192527}.Release|Any CPU.ActiveCfg = Release|Any CPU
		{62AA86E8-15F1-4B1D-991E-03103F192527}.Release|Any CPU.Build.0 = Release|Any CPU
		{62AA86E8-15F1-4B1D-991E-03103F192527}.Release|Mixed Platforms.ActiveCfg = Release|Any CPU
		{62AA86E8-15F1-4B1D-991E-03103F192527}.Release|Mixed Platforms.Build.0 = Release|Any CPU
		{62AA86E8-15F1-4B1D-991E-03103F192527}.Release|x86.ActiveCfg = Release|Any CPU
		{62AA86E8-15F1-4B1D-991E-03103F192527}.Release|x86.Build.0 = Release|Any CPU
		{B19069CF-13FC-4797-A72D-F16F7E9ECD74}.Debug|Any CPU.ActiveCfg = Debug|Any CPU
		{B19069CF-13FC-4797-A72D-F16F7E9ECD74}.Debug|Any CPU.Build.0 = Debug|Any CPU
		{B19069CF-13FC-4797-A72D-F16F7E9ECD74}.Debug|Mixed Platforms.ActiveCfg = Debug|Any CPU
		{B19069CF-13FC-4797-A72D-F16F7E9ECD74}.Debug|Mixed Platforms.Build.0 = Debug|Any CPU
		{B19069CF-13FC-4797-A72D-F16F7E9ECD74}.Debug|x86.ActiveCfg = Debug|Any CPU
		{B19069CF-13FC-4797-A72D-F16F7E9ECD74}.Debug|x86.Build.0 = Debug|Any CPU
		{B19069CF-13FC-4797-A72D-F16F7E9ECD74}.Release|Any CPU.ActiveCfg = Release|Any CPU
		{B19069CF-13FC-4797-A72D-F16F7E9ECD74}.Release|Any CPU.Build.0 = Release|Any CPU
		{B19069CF-13FC-4797-A72D-F16F7E9ECD74}.Release|Mixed Platforms.ActiveCfg = Release|Any CPU
		{B19069CF-13FC-4797-A72D-F16F7E9ECD74}.Release|Mixed Platforms.Build.0 = Release|Any CPU
		{B19069CF-13FC-4797-A72D-F16F7E9ECD74}.Release|x86.ActiveCfg = Release|Any CPU
		{B19069CF-13FC-4797-A72D-F16F7E9ECD74}.Release|x86.Build.0 = Release|Any CPU
		{4975F2F5-2FF0-4860-AA6A-72F12599F07F}.Debug|Any CPU.ActiveCfg = Debug|Any CPU
		{4975F2F5-2FF0-4860-AA6A-72F12599F07F}.Debug|Any CPU.Build.0 = Debug|Any CPU
		{4975F2F5-2FF0-4860-AA6A-72F12599F07F}.Debug|Mixed Platforms.ActiveCfg = Debug|Any CPU
		{4975F2F5-2FF0-4860-AA6A-72F12599F07F}.Debug|Mixed Platforms.Build.0 = Debug|Any CPU
		{4975F2F5-2FF0-4860-AA6A-72F12599F07F}.Debug|x86.ActiveCfg = Debug|Any CPU
		{4975F2F5-2FF0-4860-AA6A-72F12599F07F}.Debug|x86.Build.0 = Debug|Any CPU
		{4975F2F5-2FF0-4860-AA6A-72F12599F07F}.Release|Any CPU.ActiveCfg = Release|Any CPU
		{4975F2F5-2FF0-4860-AA6A-72F12599F07F}.Release|Any CPU.Build.0 = Release|Any CPU
		{4975F2F5-2FF0-4860-AA6A-72F12599F07F}.Release|Mixed Platforms.ActiveCfg = Release|Any CPU
		{4975F2F5-2FF0-4860-AA6A-72F12599F07F}.Release|Mixed Platforms.Build.0 = Release|Any CPU
		{4975F2F5-2FF0-4860-AA6A-72F12599F07F}.Release|x86.ActiveCfg = Release|Any CPU
		{4975F2F5-2FF0-4860-AA6A-72F12599F07F}.Release|x86.Build.0 = Release|Any CPU
		{DA550C18-7B30-4734-A401-23BFA906F744}.Debug|Any CPU.ActiveCfg = Debug|Any CPU
		{DA550C18-7B30-4734-A401-23BFA906F744}.Debug|Any CPU.Build.0 = Debug|Any CPU
		{DA550C18-7B30-4734-A401-23BFA906F744}.Debug|Mixed Platforms.ActiveCfg = Debug|Any CPU
		{DA550C18-7B30-4734-A401-23BFA906F744}.Debug|Mixed Platforms.Build.0 = Debug|Any CPU
		{DA550C18-7B30-4734-A401-23BFA906F744}.Debug|x86.ActiveCfg = Debug|Any CPU
		{DA550C18-7B30-4734-A401-23BFA906F744}.Debug|x86.Build.0 = Debug|Any CPU
		{DA550C18-7B30-4734-A401-23BFA906F744}.Release|Any CPU.ActiveCfg = Release|Any CPU
		{DA550C18-7B30-4734-A401-23BFA906F744}.Release|Any CPU.Build.0 = Release|Any CPU
		{DA550C18-7B30-4734-A401-23BFA906F744}.Release|Mixed Platforms.ActiveCfg = Release|Any CPU
		{DA550C18-7B30-4734-A401-23BFA906F744}.Release|Mixed Platforms.Build.0 = Release|Any CPU
		{DA550C18-7B30-4734-A401-23BFA906F744}.Release|x86.ActiveCfg = Release|Any CPU
		{DA550C18-7B30-4734-A401-23BFA906F744}.Release|x86.Build.0 = Release|Any CPU
		{2AC1C912-D253-4A68-A116-AA40338B4100}.Debug|Any CPU.ActiveCfg = Debug|Any CPU
		{2AC1C912-D253-4A68-A116-AA40338B4100}.Debug|Any CPU.Build.0 = Debug|Any CPU
		{2AC1C912-D253-4A68-A116-AA40338B4100}.Debug|Mixed Platforms.ActiveCfg = Debug|Any CPU
		{2AC1C912-D253-4A68-A116-AA40338B4100}.Debug|Mixed Platforms.Build.0 = Debug|Any CPU
		{2AC1C912-D253-4A68-A116-AA40338B4100}.Debug|x86.ActiveCfg = Debug|Any CPU
		{2AC1C912-D253-4A68-A116-AA40338B4100}.Debug|x86.Build.0 = Debug|Any CPU
		{2AC1C912-D253-4A68-A116-AA40338B4100}.Release|Any CPU.ActiveCfg = Release|Any CPU
		{2AC1C912-D253-4A68-A116-AA40338B4100}.Release|Any CPU.Build.0 = Release|Any CPU
		{2AC1C912-D253-4A68-A116-AA40338B4100}.Release|Mixed Platforms.ActiveCfg = Release|Any CPU
		{2AC1C912-D253-4A68-A116-AA40338B4100}.Release|Mixed Platforms.Build.0 = Release|Any CPU
		{2AC1C912-D253-4A68-A116-AA40338B4100}.Release|x86.ActiveCfg = Release|Any CPU
		{2AC1C912-D253-4A68-A116-AA40338B4100}.Release|x86.Build.0 = Release|Any CPU
	EndGlobalSection
	GlobalSection(SolutionProperties) = preSolution
		HideSolutionNode = FALSE
	EndGlobalSection
	GlobalSection(ExtensibilityGlobals) = postSolution
		SolutionGuid = {1874CC33-BEB0-4790-8B9D-D9180C1619F5}
	EndGlobalSection
EndGlobal
